{
  "nodes": {
    "nixpkgs": {
      "locked": {
        "lastModified": 1764522689,
        "narHash": "sha256-SqUuBFjhl/kpDiVaKLQBoD8TLD+/cTUzzgVFoaHrkqY=",
        "rev": "8bb5646e0bed5dbd3ab08c7a7cc15b75ab4e1d0f",
        "revCount": 902477,
        "type": "tarball",
        "url": "https://api.flakehub.com/f/pinned/NixOS/nixpkgs/0.2511.902477%2Brev-8bb5646e0bed5dbd3ab08c7a7cc15b75ab4e1d0f/019adb02-05a7-7ad2-9f74-6687e899006d/source.tar.gz"
      },
      "original": {
        "type": "tarball",
        "url": "https://flakehub.com/f/NixOS/nixpkgs/%2A.tar.gz"
      }
    },
    "nixpkgs_2": {
      "locked": {
        "lastModified": 1744536153,
        "narHash": "sha256-awS2zRgF4uTwrOKwwiJcByDzDOdo3Q1rPZbiHQg/N38=",
        "owner": "NixOS",
        "repo": "nixpkgs",
        "rev": "18dd725c29603f582cf1900e0d25f9f1063dbf11",
        "type": "github"
      },
      "original": {
        "owner": "NixOS",
        "ref": "nixpkgs-unstable",
        "repo": "nixpkgs",
        "type": "github"
      }
    },
    "root": {
      "inputs": {
        "nixpkgs": "nixpkgs",
        "rust-overlay": "rust-overlay"
      }
    },
    "rust-overlay": {
      "inputs": {
        "nixpkgs": "nixpkgs_2"
      },
      "locked": {
        "lastModified": 1764729618,
        "narHash": "sha256-z4RA80HCWv2los1KD346c+PwNPzMl79qgl7bCVgz8X0=",
        "rev": "52764074a85145d5001bf0aa30cb71936e9ad5b8",
        "revCount": 1998,
        "type": "tarball",
        "url": "https://api.flakehub.com/f/pinned/oxalica/rust-overlay/0.1.1998%2Brev-52764074a85145d5001bf0aa30cb71936e9ad5b8/019ae217-8272-7375-8c46-a3263d33defa/source.tar.gz"
      },
      "original": {
        "type": "tarball",
        "url": "https://flakehub.com/f/oxalica/rust-overlay/%2A.tar.gz"
      }
    }
  },
  "root": "root",
  "version": 7
}
